{
  "version": 4,
  "terraform_version": "1.16.3",
  "serial": 3,
  "lineage": "bbf80bfb-8315-f8eb-d2ba-d0c561dca556",
  "outputs": {},
  "resources": [
    {
      "mode": "data",
      "type": "openstack_compute_flavor_v2",
      "name": "small",
      "provider": "provider[\"registry.terraform.io/terraform-provider-openstack/openstack\"]",
      "instances": [
        {
          "schema_version": 0,
          "attributes": {
            "description": "",
            "disk": 10,
            "extra_specs": {},
            "flavor_id": "40b63ca0-d2c7-4c53-9a95-5b46ff5a5ed0",
            "id": "40b63ca0-d2c7-4c53-9a95-5b46ff5a5ed0",
            "is_public": true,
            "min_disk": null,
            "min_ram": null,
            "name": "ephym_small_2",
            "ram": 2048,
            "region": "RegionOne",
            "rx_tx_factor": 1,
            "swap": 0,
            "vcpus": 2
          },
          "sensitive_attributes": [],
          "identity_schema_version": 0
        }
      ]
    },
    {
      "mode": "data",
      "type": "openstack_images_image_v2",
      "name": "ubuntu",
      "provider": "provider[\"registry.terraform.io/terraform-provider-openstack/openstack\"]",
      "instances": [
        {
          "schema_version": 0,
          "attributes": {
            "checksum": "2172ccc7ce7d58bdebb3192de1b14ce0",
            "container_format": "bare",
            "created_at": "2026-09-11T17:01:11Z",
            "disk_format": "qcow2",
            "file": "/v2/images/aac9e044-1bc1-4a71-af65-6823a236c68e/file",
            "hidden": false,
            "id": "aac9e044-1bc1-4a71-af65-6823a236c68e",
            "member_status": null,
            "metadata": {},
            "min_disk_gb": 0,
            "min_ram_mb": 0,
            "most_recent": false,
            "name": "Ubuntu-26.04",
            "name_regex": null,
            "owner": "94c6116ab0d8499aadc2888562639504",
            "properties": {
              "hw_machine_type": "pc",
              "hw_qemu_guest_agent": "yes",
              "hw_vif_multiqueue_enabled": "true",
              "img_config_drive": "optional",
              "os_admin_user": "ubuntu",
              "os_distro": "ubuntu",
              "os_glance_failed_import": "",
              "os_glance_importing_to_stores": "",
              "os_hash_algo": "sha512",
              "os_hash_value": "94a9d7055631347ae83db528cf6fe224d717f3da1811330e7ca485ccfd969df770ab858bdc793d12e1e5bd5b6d907854395dc0951818adf77ddc65c3cfa24522",
              "os_require_quiesce": "yes",
              "os_type": "linux",
              "os_version": "26.04",
              "stores": "rbd"
            },
            "protected": false,
            "region": "RegionOne",
            "schema": "/v2/schemas/image",
            "size_bytes": 863306240,
            "size_max": null,
            "size_min": null,
            "sort": "name:asc",
            "tag": null,
            "tags": [],
            "updated_at": "2026-09-11T17:02:21Z",
            "visibility": "public"
          },
          "sensitive_attributes": [],
          "identity_schema_version": 0
        }
      ]
    },
    {
      "mode": "managed",
      "type": "openstack_compute_instance_v2",
      "name": "UO294343_vm",
      "provider": "provider[\"registry.terraform.io/terraform-provider-openstack/openstack\"]",
      "instances": [
        {
          "schema_version": 0,
          "attributes": {
            "access_ip_v4": "192.168.1.35",
            "access_ip_v6": "",
            "admin_pass": null,
            "all_metadata": {},
            "all_tags": [],
            "availability_zone": "nova",
            "availability_zone_hints": null,
            "block_device": [],
            "config_drive": null,
            "created": "2026-09-17 15:38:33 +0000 UTC",
            "flavor_id": "40b63ca0-d2c7-4c53-9a95-5b46ff5a5ed0",
            "flavor_name": "ephym_small_2",
            "force_delete": false,
            "hypervisor_hostname": "",
            "id": "5505a720-9d09-44d2-a143-c75ab2469ee6",
            "image_id": "aac9e044-1bc1-4a71-af65-6823a236c68e",
            "image_name": "Ubuntu-26.04",
            "key_pair": "",
            "metadata": null,
            "name": "mv_ASSW",
            "network": [
              {
                "access_network": false,
                "fixed_ip_v4": "192.168.1.35",
                "fixed_ip_v6": "",
                "mac": "fa:16:3e:ed:de:d6",
                "name": "UO294343_network",
                "port": "",
                "uuid": "69467a07-3c5a-424f-8664-8e41acc34c4a"
              }
            ],
            "network_mode": null,
            "personality": [],
            "power_state": "active",
            "region": "RegionOne",
            "scheduler_hints": [],
            "security_groups": [
              "default"
            ],
            "stop_before_destroy": false,
            "tags": [],
            "timeouts": null,
            "updated": "2026-09-17 15:53:59 +0000 UTC",
            "user_data": "c340dff632e6bdb0c233778baacf8ad425753f68",
            "vendor_options": []
          },
          "sensitive_attributes": [
            [
              {
                "type": "get_attr",
                "value": "admin_pass"
              }
            ]
          ],
          "identity_schema_version": 0,
          "private": "eyJlMmJmYjczMC1lY2FhLTExZTYtOGY4OC0zNDM2M2JjN2M0YzAiOnsiY3JlYXRlIjoxODAwMDAwMDAwMDAwLCJkZWxldGUiOjE4MDAwMDAwMDAwMDAsInVwZGF0ZSI6MTgwMDAwMDAwMDAwMH19",
          "dependencies": [
            "data.openstack_compute_flavor_v2.small",
            "data.openstack_images_image_v2.ubuntu"
          ]
        }
      ]
    }
  ],
  "check_results": null
}
